
Microsoft Visual Studio Solution File, Format Version 12.00
# Visual Studio Version 16
VisualStudioVersion = 16.0.31005.135
MinimumVisualStudioVersion = 10.0.40219.1
Project("{FAE04EC0-301F-11D3-BF4B-00C04F79EFBC}") = "MVPStudioProject01", "MVPStudioProject01\MVPStudioProject01.csproj", "{8C05ACE2-B9D4-466A-A472-9F771210A50B}"
EndProject
Global
	GlobalSection(SolutionConfigurationPlatforms) = preSolution
		Debug|Any CPU = Debug|Any CPU
		Release|Any CPU = Release|Any CPU
	EndGlobalSection
	GlobalSection(ProjectConfigurationPlatforms) = postSolution
		{8C05ACE2-B9D4-466A-A472-9F771210A50B}.Debug|Any CPU.ActiveCfg = Debug|Any CPU
		{8C05ACE2-B9D4-466A-A472-9F771210A50B}.Debug|Any CPU.Build.0 = Debug|Any CPU
		{8C05ACE2-B9D4-466A-A472-9F771210A50B}.Release|Any CPU.ActiveCfg = Release|Any CPU
		{8C05ACE2-B9D4-466A-A472-9F771210A50B}.Release|Any CPU.Build.0 = Release|Any CPU
	EndGlobalSection
	GlobalSection(SolutionProperties) = preSolution
		HideSolutionNode = FALSE
	EndGlobalSection
	GlobalSection(ExtensibilityGlobals) = postSolution
		SolutionGuid = {3BA5803F-A8E8-4507-B43A-3F447E5804EA}
	EndGlobalSection
EndGlobal
